
Microsoft Visual Studio Solution File, Format Version 12.00
# Visual Studio 15
VisualStudioVersion = 15.0.28307.438
MinimumVisualStudioVersion = 10.0.40219.1
Project("{FAE04EC0-301F-11D3-BF4B-00C04F79EFBC}") = "Lab2Web", "Lab2Web\Lab2Web.csproj", "{394236D8-26F5-48C5-8DF5-C709FCB2DB32}"
EndProject
Global
	GlobalSection(SolutionConfigurationPlatforms) = preSolution
		Debug|Any CPU = Debug|Any CPU
		Release|Any CPU = Release|Any CPU
	EndGlobalSection
	GlobalSection(ProjectConfigurationPlatforms) = postSolution
		{394236D8-26F5-48C5-8DF5-C709FCB2DB32}.Debug|Any CPU.ActiveCfg = Debug|Any CPU
		{394236D8-26F5-48C5-8DF5-C709FCB2DB32}.Debug|Any CPU.Build.0 = Debug|Any CPU
		{394236D8-26F5-48C5-8DF5-C709FCB2DB32}.Release|Any CPU.ActiveCfg = Release|Any CPU
		{394236D8-26F5-48C5-8DF5-C709FCB2DB32}.Release|Any CPU.Build.0 = Release|Any CPU
	EndGlobalSection
	GlobalSection(SolutionProperties) = preSolution
		HideSolutionNode = FALSE
	EndGlobalSection
	GlobalSection(ExtensibilityGlobals) = postSolution
		SolutionGuid = {461363DA-683B-44EE-B364-ED7A69CA2544}
	EndGlobalSection
EndGlobal
