
Microsoft Visual Studio Solution File, Format Version 12.00
# Visual Studio 15
VisualStudioVersion = 15.0.28307.438
MinimumVisualStudioVersion = 10.0.40219.1
Project("{FAE04EC0-301F-11D3-BF4B-00C04F79EFBC}") = "lab11", "lab11\lab11.csproj", "{F06D8CAF-15AB-4F0E-BC43-B9E90CE894B3}"
EndProject
Global
	GlobalSection(SolutionConfigurationPlatforms) = preSolution
		Debug|Any CPU = Debug|Any CPU
		Release|Any CPU = Release|Any CPU
	EndGlobalSection
	GlobalSection(ProjectConfigurationPlatforms) = postSolution
		{F06D8CAF-15AB-4F0E-BC43-B9E90CE894B3}.Debug|Any CPU.ActiveCfg = Debug|Any CPU
		{F06D8CAF-15AB-4F0E-BC43-B9E90CE894B3}.Debug|Any CPU.Build.0 = Debug|Any CPU
		{F06D8CAF-15AB-4F0E-BC43-B9E90CE894B3}.Release|Any CPU.ActiveCfg = Release|Any CPU
		{F06D8CAF-15AB-4F0E-BC43-B9E90CE894B3}.Release|Any CPU.Build.0 = Release|Any CPU
	EndGlobalSection
	GlobalSection(SolutionProperties) = preSolution
		HideSolutionNode = FALSE
	EndGlobalSection
	GlobalSection(ExtensibilityGlobals) = postSolution
		SolutionGuid = {D6760102-8BA1-469D-A2FF-A9F7C2CA4D26}
	EndGlobalSection
EndGlobal
